// !$*UTF8*$!
{
	archiveVersion = 1;
	classes = {
	};
	objectVersion = 56;
	objects = {

/* Begin PBXBuildFile section */
		B0004EAA2B9480BE00784A42 /* ItemInfoView.swift in Sources */ = {isa = PBXBuildFile; fileRef = B0004EA92B9480BE00784A42 /* ItemInfoView.swift */; };
		B0004EAC2B94840F00784A42 /* ItemInfoVC.swift in Sources */ = {isa = PBXBuildFile; fileRef = B0004EAB2B94840F00784A42 /* ItemInfoVC.swift */; };
		B0004EAE2B94867F00784A42 /* RepoItemVC.swift in Sources */ = {isa = PBXBuildFile; fileRef = B0004EAD2B94867F00784A42 /* RepoItemVC.swift */; };
		B0004EB02B94883A00784A42 /* FollowerItemVC.swift in Sources */ = {isa = PBXBuildFile; fileRef = B0004EAF2B94883A00784A42 /* FollowerItemVC.swift */; };
		B0004EB22B94A67200784A42 /* PersistenceManager.swift in Sources */ = {isa = PBXBuildFile; fileRef = B0004EB12B94A67200784A42 /* PersistenceManager.swift */; };
		B04E86AE2B8DBFC600CD9488 /* UserInfoVC.swift in Sources */ = {isa = PBXBuildFile; fileRef = B04E86AD2B8DBFC600CD9488 /* UserInfoVC.swift */; };
		B04E86B12B8DC85F00CD9488 /* UserInfoHeaderVC.swift in Sources */ = {isa = PBXBuildFile; fileRef = B04E86B02B8DC85F00CD9488 /* UserInfoHeaderVC.swift */; };
		B04E86B32B8DC8BD00CD9488 /* SubtitleLabel.swift in Sources */ = {isa = PBXBuildFile; fileRef = B04E86B22B8DC8BD00CD9488 /* SubtitleLabel.swift */; };
		B04E86B52B8DD15600CD9488 /* Constants.swift in Sources */ = {isa = PBXBuildFile; fileRef = B04E86B42B8DD15600CD9488 /* Constants.swift */; };
		B076CBA72B8A09AE0042E937 /* AppError.swift in Sources */ = {isa = PBXBuildFile; fileRef = B076CBA62B8A09AE0042E937 /* AppError.swift */; };
		B076CBAA2B8A11B70042E937 /* FollowerCell.swift in Sources */ = {isa = PBXBuildFile; fileRef = B076CBA92B8A11B70042E937 /* FollowerCell.swift */; };
		B076CBAC2B8A12270042E937 /* AppImageView.swift in Sources */ = {isa = PBXBuildFile; fileRef = B076CBAB2B8A12270042E937 /* AppImageView.swift */; };
		B076CBAE2B8B59200042E937 /* EmptyStateView.swift in Sources */ = {isa = PBXBuildFile; fileRef = B076CBAD2B8B59200042E937 /* EmptyStateView.swift */; };
		B083BCC72B80F53C00E406F2 /* Follower.swift in Sources */ = {isa = PBXBuildFile; fileRef = B083BCC62B80F53C00E406F2 /* Follower.swift */; };
		B083BCC92B80F5BC00E406F2 /* User.swift in Sources */ = {isa = PBXBuildFile; fileRef = B083BCC82B80F5BC00E406F2 /* User.swift */; };
		B083BCCB2B80F7FA00E406F2 /* NetworkManager.swift in Sources */ = {isa = PBXBuildFile; fileRef = B083BCCA2B80F7FA00E406F2 /* NetworkManager.swift */; };
		B0D182F72B78F43500B41D53 /* AppDelegate.swift in Sources */ = {isa = PBXBuildFile; fileRef = B0D182F62B78F43500B41D53 /* AppDelegate.swift */; };
		B0D182F92B78F43500B41D53 /* SceneDelegate.swift in Sources */ = {isa = PBXBuildFile; fileRef = B0D182F82B78F43500B41D53 /* SceneDelegate.swift */; };
		B0D183002B78F43700B41D53 /* Assets.xcassets in Resources */ = {isa = PBXBuildFile; fileRef = B0D182FF2B78F43700B41D53 /* Assets.xcassets */; };
		B0D183032B78F43700B41D53 /* LaunchScreen.storyboard in Resources */ = {isa = PBXBuildFile; fileRef = B0D183012B78F43700B41D53 /* LaunchScreen.storyboard */; };
		B0D1830B2B79000A00B41D53 /* SearchVC.swift in Sources */ = {isa = PBXBuildFile; fileRef = B0D1830A2B79000A00B41D53 /* SearchVC.swift */; };
		B0D1830D2B79002D00B41D53 /* FavoritesListVC.swift in Sources */ = {isa = PBXBuildFile; fileRef = B0D1830C2B79002D00B41D53 /* FavoritesListVC.swift */; };
		B0D1830F2B79077A00B41D53 /* MainButton.swift in Sources */ = {isa = PBXBuildFile; fileRef = B0D1830E2B79077A00B41D53 /* MainButton.swift */; };
		B0D183112B79094E00B41D53 /* MainTextField.swift in Sources */ = {isa = PBXBuildFile; fileRef = B0D183102B79094E00B41D53 /* MainTextField.swift */; };
		B0D183132B7925EA00B41D53 /* FollowersListVC.swift in Sources */ = {isa = PBXBuildFile; fileRef = B0D183122B7925EA00B41D53 /* FollowersListVC.swift */; };
		B0D183152B792D1C00B41D53 /* TitleLabel.swift in Sources */ = {isa = PBXBuildFile; fileRef = B0D183142B792D1C00B41D53 /* TitleLabel.swift */; };
		B0D183172B792E0100B41D53 /* BodyLabel.swift in Sources */ = {isa = PBXBuildFile; fileRef = B0D183162B792E0100B41D53 /* BodyLabel.swift */; };
		B0D183192B792E7B00B41D53 /* AlertVC.swift in Sources */ = {isa = PBXBuildFile; fileRef = B0D183182B792E7B00B41D53 /* AlertVC.swift */; };
		B0D1831B2B79325D00B41D53 /* Extensions.swift in Sources */ = {isa = PBXBuildFile; fileRef = B0D1831A2B79325D00B41D53 /* Extensions.swift */; };
/* End PBXBuildFile section */

/* Begin PBXFileReference section */
		B0004EA92B9480BE00784A42 /* ItemInfoView.swift */ = {isa = PBXFileReference; lastKnownFileType = sourcecode.swift; path = ItemInfoView.swift; sourceTree = "<group>"; };
		B0004EAB2B94840F00784A42 /* ItemInfoVC.swift */ = {isa = PBXFileReference; lastKnownFileType = sourcecode.swift; path = ItemInfoVC.swift; sourceTree = "<group>"; };
		B0004EAD2B94867F00784A42 /* RepoItemVC.swift */ = {isa = PBXFileReference; lastKnownFileType = sourcecode.swift; path = RepoItemVC.swift; sourceTree = "<group>"; };
		B0004EAF2B94883A00784A42 /* FollowerItemVC.swift */ = {isa = PBXFileReference; lastKnownFileType = sourcecode.swift; path = FollowerItemVC.swift; sourceTree = "<group>"; };
		B0004EB12B94A67200784A42 /* PersistenceManager.swift */ = {isa = PBXFileReference; lastKnownFileType = sourcecode.swift; path = PersistenceManager.swift; sourceTree = "<group>"; };
		B04E86AD2B8DBFC600CD9488 /* UserInfoVC.swift */ = {isa = PBXFileReference; lastKnownFileType = sourcecode.swift; path = UserInfoVC.swift; sourceTree = "<group>"; };
		B04E86B02B8DC85F00CD9488 /* UserInfoHeaderVC.swift */ = {isa = PBXFileReference; lastKnownFileType = sourcecode.swift; path = UserInfoHeaderVC.swift; sourceTree = "<group>"; };
		B04E86B22B8DC8BD00CD9488 /* SubtitleLabel.swift */ = {isa = PBXFileReference; lastKnownFileType = sourcecode.swift; path = SubtitleLabel.swift; sourceTree = "<group>"; };
		B04E86B42B8DD15600CD9488 /* Constants.swift */ = {isa = PBXFileReference; lastKnownFileType = sourcecode.swift; path = Constants.swift; sourceTree = "<group>"; };
		B076CBA62B8A09AE0042E937 /* AppError.swift */ = {isa = PBXFileReference; lastKnownFileType = sourcecode.swift; path = AppError.swift; sourceTree = "<group>"; };
		B076CBA92B8A11B70042E937 /* FollowerCell.swift */ = {isa = PBXFileReference; lastKnownFileType = sourcecode.swift; path = FollowerCell.swift; sourceTree = "<group>"; };
		B076CBAB2B8A12270042E937 /* AppImageView.swift */ = {isa = PBXFileReference; lastKnownFileType = sourcecode.swift; path = AppImageView.swift; sourceTree = "<group>"; };
		B076CBAD2B8B59200042E937 /* EmptyStateView.swift */ = {isa = PBXFileReference; lastKnownFileType = sourcecode.swift; path = EmptyStateView.swift; sourceTree = "<group>"; };
		B083BCC62B80F53C00E406F2 /* Follower.swift */ = {isa = PBXFileReference; lastKnownFileType = sourcecode.swift; path = Follower.swift; sourceTree = "<group>"; };
		B083BCC82B80F5BC00E406F2 /* User.swift */ = {isa = PBXFileReference; lastKnownFileType = sourcecode.swift; path = User.swift; sourceTree = "<group>"; };
		B083BCCA2B80F7FA00E406F2 /* NetworkManager.swift */ = {isa = PBXFileReference; lastKnownFileType = sourcecode.swift; path = NetworkManager.swift; sourceTree = "<group>"; };
		B0D182F32B78F43500B41D53 /* Githubify.app */ = {isa = PBXFileReference; explicitFileType = wrapper.application; includeInIndex = 0; path = Githubify.app; sourceTree = BUILT_PRODUCTS_DIR; };
		B0D182F62B78F43500B41D53 /* AppDelegate.swift */ = {isa = PBXFileReference; lastKnownFileType = sourcecode.swift; path = AppDelegate.swift; sourceTree = "<group>"; };
		B0D182F82B78F43500B41D53 /* SceneDelegate.swift */ = {isa = PBXFileReference; lastKnownFileType = sourcecode.swift; path = SceneDelegate.swift; sourceTree = "<group>"; };
		B0D182FF2B78F43700B41D53 /* Assets.xcassets */ = {isa = PBXFileReference; lastKnownFileType = folder.assetcatalog; path = Assets.xcassets; sourceTree = "<group>"; };
		B0D183022B78F43700B41D53 /* Base */ = {isa = PBXFileReference; lastKnownFileType = file.storyboard; name = Base; path = Base.lproj/LaunchScreen.storyboard; sourceTree = "<group>"; };
		B0D183042B78F43700B41D53 /* Info.plist */ = {isa = PBXFileReference; lastKnownFileType = text.plist.xml; path = Info.plist; sourceTree = "<group>"; };
		B0D1830A2B79000A00B41D53 /* SearchVC.swift */ = {isa = PBXFileReference; lastKnownFileType = sourcecode.swift; path = SearchVC.swift; sourceTree = "<group>"; };
		B0D1830C2B79002D00B41D53 /* FavoritesListVC.swift */ = {isa = PBXFileReference; lastKnownFileType = sourcecode.swift; path = FavoritesListVC.swift; sourceTree = "<group>"; };
		B0D1830E2B79077A00B41D53 /* MainButton.swift */ = {isa = PBXFileReference; lastKnownFileType = sourcecode.swift; path = MainButton.swift; sourceTree = "<group>"; };
		B0D183102B79094E00B41D53 /* MainTextField.swift */ = {isa = PBXFileReference; lastKnownFileType = sourcecode.swift; path = MainTextField.swift; sourceTree = "<group>"; };
		B0D183122B7925EA00B41D53 /* FollowersListVC.swift */ = {isa = PBXFileReference; lastKnownFileType = sourcecode.swift; path = FollowersListVC.swift; sourceTree = "<group>"; };
		B0D183142B792D1C00B41D53 /* TitleLabel.swift */ = {isa = PBXFileReference; lastKnownFileType = sourcecode.swift; path = TitleLabel.swift; sourceTree = "<group>"; };
		B0D183162B792E0100B41D53 /* BodyLabel.swift */ = {isa = PBXFileReference; lastKnownFileType = sourcecode.swift; path = BodyLabel.swift; sourceTree = "<group>"; };
		B0D183182B792E7B00B41D53 /* AlertVC.swift */ = {isa = PBXFileReference; lastKnownFileType = sourcecode.swift; path = AlertVC.swift; sourceTree = "<group>"; };
		B0D1831A2B79325D00B41D53 /* Extensions.swift */ = {isa = PBXFileReference; lastKnownFileType = sourcecode.swift; path = Extensions.swift; sourceTree = "<group>"; };
/* End PBXFileReference section */

/* Begin PBXFrameworksBuildPhase section */
		B0D182F02B78F43500B41D53 /* Frameworks */ = {
			isa = PBXFrameworksBuildPhase;
			buildActionMask = 2147483647;
			files = (
			);
			runOnlyForDeploymentPostprocessing = 0;
		};
/* End PBXFrameworksBuildPhase section */

/* Begin PBXGroup section */
		B04E86AF2B8DC84300CD9488 /* ViewControllers */ = {
			isa = PBXGroup;
			children = (
				B0004EAF2B94883A00784A42 /* FollowerItemVC.swift */,
				B0004EAB2B94840F00784A42 /* ItemInfoVC.swift */,
				B0004EAD2B94867F00784A42 /* RepoItemVC.swift */,
				B04E86B02B8DC85F00CD9488 /* UserInfoHeaderVC.swift */,
			);
			path = ViewControllers;
			sourceTree = "<group>";
		};
		B076CBA82B8A119E0042E937 /* Cells */ = {
			isa = PBXGroup;
			children = (
				B076CBA92B8A11B70042E937 /* FollowerCell.swift */,
			);
			path = Cells;
			sourceTree = "<group>";
		};
		B0D182EA2B78F43500B41D53 = {
			isa = PBXGroup;
			children = (
				B0D182F52B78F43500B41D53 /* Githubify */,
				B0D182F42B78F43500B41D53 /* Products */,
			);
			sourceTree = "<group>";
		};
		B0D182F42B78F43500B41D53 /* Products */ = {
			isa = PBXGroup;
			children = (
				B0D182F32B78F43500B41D53 /* Githubify.app */,
			);
			name = Products;
			sourceTree = "<group>";
		};
		B0D182F52B78F43500B41D53 /* Githubify */ = {
			isa = PBXGroup;
			children = (
				B0D1831E2B7A280C00B41D53 /* Helpers */,
				B0D1831F2B7A285800B41D53 /* Models */,
				B0D1831D2B7A27F600B41D53 /* Views */,
				B0D1831C2B7A27D700B41D53 /* Controllers */,
				B0D182F62B78F43500B41D53 /* AppDelegate.swift */,
				B0D182F82B78F43500B41D53 /* SceneDelegate.swift */,
				B0D182FF2B78F43700B41D53 /* Assets.xcassets */,
				B0D183012B78F43700B41D53 /* LaunchScreen.storyboard */,
				B0D183042B78F43700B41D53 /* Info.plist */,
			);
			path = Githubify;
			sourceTree = "<group>";
		};
		B0D1831C2B7A27D700B41D53 /* Controllers */ = {
			isa = PBXGroup;
			children = (
				B0D1830C2B79002D00B41D53 /* FavoritesListVC.swift */,
				B0D183122B7925EA00B41D53 /* FollowersListVC.swift */,
				B0D1830A2B79000A00B41D53 /* SearchVC.swift */,
				B04E86AD2B8DBFC600CD9488 /* UserInfoVC.swift */,
			);
			path = Controllers;
			sourceTree = "<group>";
		};
		B0D1831D2B7A27F600B41D53 /* Views */ = {
			isa = PBXGroup;
			children = (
				B04E86AF2B8DC84300CD9488 /* ViewControllers */,
				B076CBA82B8A119E0042E937 /* Cells */,
				B0D183182B792E7B00B41D53 /* AlertVC.swift */,
				B076CBAB2B8A12270042E937 /* AppImageView.swift */,
				B0D183162B792E0100B41D53 /* BodyLabel.swift */,
				B076CBAD2B8B59200042E937 /* EmptyStateView.swift */,
				B0D1830E2B79077A00B41D53 /* MainButton.swift */,
				B0D183102B79094E00B41D53 /* MainTextField.swift */,
				B04E86B22B8DC8BD00CD9488 /* SubtitleLabel.swift */,
				B0D183142B792D1C00B41D53 /* TitleLabel.swift */,
				B0004EA92B9480BE00784A42 /* ItemInfoView.swift */,
			);
			path = Views;
			sourceTree = "<group>";
		};
		B0D1831E2B7A280C00B41D53 /* Helpers */ = {
			isa = PBXGroup;
			children = (
				B076CBA62B8A09AE0042E937 /* AppError.swift */,
				B04E86B42B8DD15600CD9488 /* Constants.swift */,
				B0D1831A2B79325D00B41D53 /* Extensions.swift */,
				B083BCCA2B80F7FA00E406F2 /* NetworkManager.swift */,
				B0004EB12B94A67200784A42 /* PersistenceManager.swift */,
			);
			path = Helpers;
			sourceTree = "<group>";
		};
		B0D1831F2B7A285800B41D53 /* Models */ = {
			isa = PBXGroup;
			children = (
				B083BCC62B80F53C00E406F2 /* Follower.swift */,
				B083BCC82B80F5BC00E406F2 /* User.swift */,
			);
			path = Models;
			sourceTree = "<group>";
		};
/* End PBXGroup section */

/* Begin PBXNativeTarget section */
		B0D182F22B78F43500B41D53 /* Githubify */ = {
			isa = PBXNativeTarget;
			buildConfigurationList = B0D183072B78F43700B41D53 /* Build configuration list for PBXNativeTarget "Githubify" */;
			buildPhases = (
				B0D182EF2B78F43500B41D53 /* Sources */,
				B0D182F02B78F43500B41D53 /* Frameworks */,
				B0D182F12B78F43500B41D53 /* Resources */,
			);
			buildRules = (
			);
			dependencies = (
			);
			name = Githubify;
			productName = Githubify;
			productReference = B0D182F32B78F43500B41D53 /* Githubify.app */;
			productType = "com.apple.product-type.application";
		};
/* End PBXNativeTarget section */

/* Begin PBXProject section */
		B0D182EB2B78F43500B41D53 /* Project object */ = {
			isa = PBXProject;
			attributes = {
				BuildIndependentTargetsInParallel = 1;
				LastSwiftUpdateCheck = 1520;
				LastUpgradeCheck = 1520;
				TargetAttributes = {
					B0D182F22B78F43500B41D53 = {
						CreatedOnToolsVersion = 15.2;
					};
				};
			};
			buildConfigurationList = B0D182EE2B78F43500B41D53 /* Build configuration list for PBXProject "Githubify" */;
			compatibilityVersion = "Xcode 14.0";
			developmentRegion = en;
			hasScannedForEncodings = 0;
			knownRegions = (
				en,
				Base,
			);
			mainGroup = B0D182EA2B78F43500B41D53;
			productRefGroup = B0D182F42B78F43500B41D53 /* Products */;
			projectDirPath = "";
			projectRoot = "";
			targets = (
				B0D182F22B78F43500B41D53 /* Githubify */,
			);
		};
/* End PBXProject section */

/* Begin PBXResourcesBuildPhase section */
		B0D182F12B78F43500B41D53 /* Resources */ = {
			isa = PBXResourcesBuildPhase;
			buildActionMask = 2147483647;
			files = (
				B0D183032B78F43700B41D53 /* LaunchScreen.storyboard in Resources */,
				B0D183002B78F43700B41D53 /* Assets.xcassets in Resources */,
			);
			runOnlyForDeploymentPostprocessing = 0;
		};
/* End PBXResourcesBuildPhase section */

/* Begin PBXSourcesBuildPhase section */
		B0D182EF2B78F43500B41D53 /* Sources */ = {
			isa = PBXSourcesBuildPhase;
			buildActionMask = 2147483647;
			files = (
				B076CBAE2B8B59200042E937 /* EmptyStateView.swift in Sources */,
				B04E86B52B8DD15600CD9488 /* Constants.swift in Sources */,
				B083BCC92B80F5BC00E406F2 /* User.swift in Sources */,
				B04E86B12B8DC85F00CD9488 /* UserInfoHeaderVC.swift in Sources */,
				B0D183172B792E0100B41D53 /* BodyLabel.swift in Sources */,
				B076CBA72B8A09AE0042E937 /* AppError.swift in Sources */,
				B0004EB02B94883A00784A42 /* FollowerItemVC.swift in Sources */,
				B0D183112B79094E00B41D53 /* MainTextField.swift in Sources */,
				B0004EAC2B94840F00784A42 /* ItemInfoVC.swift in Sources */,
				B0D183132B7925EA00B41D53 /* FollowersListVC.swift in Sources */,
				B0D183192B792E7B00B41D53 /* AlertVC.swift in Sources */,
				B076CBAC2B8A12270042E937 /* AppImageView.swift in Sources */,
				B0D1830B2B79000A00B41D53 /* SearchVC.swift in Sources */,
				B076CBAA2B8A11B70042E937 /* FollowerCell.swift in Sources */,
				B0D1830D2B79002D00B41D53 /* FavoritesListVC.swift in Sources */,
				B0004EB22B94A67200784A42 /* PersistenceManager.swift in Sources */,
				B0D182F72B78F43500B41D53 /* AppDelegate.swift in Sources */,
				B0004EAE2B94867F00784A42 /* RepoItemVC.swift in Sources */,
				B0004EAA2B9480BE00784A42 /* ItemInfoView.swift in Sources */,
				B083BCC72B80F53C00E406F2 /* Follower.swift in Sources */,
				B04E86AE2B8DBFC600CD9488 /* UserInfoVC.swift in Sources */,
				B0D183152B792D1C00B41D53 /* TitleLabel.swift in Sources */,
				B04E86B32B8DC8BD00CD9488 /* SubtitleLabel.swift in Sources */,
				B083BCCB2B80F7FA00E406F2 /* NetworkManager.swift in Sources */,
				B0D182F92B78F43500B41D53 /* SceneDelegate.swift in Sources */,
				B0D1831B2B79325D00B41D53 /* Extensions.swift in Sources */,
				B0D1830F2B79077A00B41D53 /* MainButton.swift in Sources */,
			);
			runOnlyForDeploymentPostprocessing = 0;
		};
/* End PBXSourcesBuildPhase section */

/* Begin PBXVariantGroup section */
		B0D183012B78F43700B41D53 /* LaunchScreen.storyboard */ = {
			isa = PBXVariantGroup;
			children = (
				B0D183022B78F43700B41D53 /* Base */,
			);
			name = LaunchScreen.storyboard;
			sourceTree = "<group>";
		};
/* End PBXVariantGroup section */

/* Begin XCBuildConfiguration section */
		B0D183052B78F43700B41D53 /* Debug */ = {
			isa = XCBuildConfiguration;
			buildSettings = {
				ALWAYS_SEARCH_USER_PATHS = NO;
				ASSETCATALOG_COMPILER_GENERATE_SWIFT_ASSET_SYMBOL_EXTENSIONS = YES;
				CLANG_ANALYZER_NONNULL = YES;
				CLANG_ANALYZER_NUMBER_OBJECT_CONVERSION = YES_AGGRESSIVE;
				CLANG_CXX_LANGUAGE_STANDARD = "gnu++20";
				CLANG_ENABLE_MODULES = YES;
				CLANG_ENABLE_OBJC_ARC = YES;
				CLANG_ENABLE_OBJC_WEAK = YES;
				CLANG_WARN_BLOCK_CAPTURE_AUTORELEASING = YES;
				CLANG_WARN_BOOL_CONVERSION = YES;
				CLANG_WARN_COMMA = YES;
				CLANG_WARN_CONSTANT_CONVERSION = YES;
				CLANG_WARN_DEPRECATED_OBJC_IMPLEMENTATIONS = YES;
				CLANG_WARN_DIRECT_OBJC_ISA_USAGE = YES_ERROR;
				CLANG_WARN_DOCUMENTATION_COMMENTS = YES;
				CLANG_WARN_EMPTY_BODY = YES;
				CLANG_WARN_ENUM_CONVERSION = YES;
				CLANG_WARN_INFINITE_RECURSION = YES;
				CLANG_WARN_INT_CONVERSION = YES;
				CLANG_WARN_NON_LITERAL_NULL_CONVERSION = YES;
				CLANG_WARN_OBJC_IMPLICIT_RETAIN_SELF = YES;
				CLANG_WARN_OBJC_LITERAL_CONVERSION = YES;
				CLANG_WARN_OBJC_ROOT_CLASS = YES_ERROR;
				CLANG_WARN_QUOTED_INCLUDE_IN_FRAMEWORK_HEADER = YES;
				CLANG_WARN_RANGE_LOOP_ANALYSIS = YES;
				CLANG_WARN_STRICT_PROTOTYPES = YES;
				CLANG_WARN_SUSPICIOUS_MOVE = YES;
				CLANG_WARN_UNGUARDED_AVAILABILITY = YES_AGGRESSIVE;
				CLANG_WARN_UNREACHABLE_CODE = YES;
				CLANG_WARN__DUPLICATE_METHOD_MATCH = YES;
				COPY_PHASE_STRIP = NO;
				DEBUG_INFORMATION_FORMAT = dwarf;
				ENABLE_STRICT_OBJC_MSGSEND = YES;
				ENABLE_TESTABILITY = YES;
				ENABLE_USER_SCRIPT_SANDBOXING = YES;
				GCC_C_LANGUAGE_STANDARD = gnu17;
				GCC_DYNAMIC_NO_PIC = NO;
				GCC_NO_COMMON_BLOCKS = YES;
				GCC_OPTIMIZATION_LEVEL = 0;
				GCC_PREPROCESSOR_DEFINITIONS = (
					"DEBUG=1",
					"$(inherited)",
				);
				GCC_WARN_64_TO_32_BIT_CONVERSION = YES;
				GCC_WARN_ABOUT_RETURN_TYPE = YES_ERROR;
				GCC_WARN_UNDECLARED_SELECTOR = YES;
				GCC_WARN_UNINITIALIZED_AUTOS = YES_AGGRESSIVE;
				GCC_WARN_UNUSED_FUNCTION = YES;
				GCC_WARN_UNUSED_VARIABLE = YES;
				IPHONEOS_DEPLOYMENT_TARGET = 17.2;
				LOCALIZATION_PREFERS_STRING_CATALOGS = YES;
				MTL_ENABLE_DEBUG_INFO = INCLUDE_SOURCE;
				MTL_FAST_MATH = YES;
				ONLY_ACTIVE_ARCH = YES;
				SDKROOT = iphoneos;
				SWIFT_ACTIVE_COMPILATION_CONDITIONS = "DEBUG $(inherited)";
				SWIFT_OPTIMIZATION_LEVEL = "-Onone";
			};
			name = Debug;
		};
		B0D183062B78F43700B41D53 /* Release */ = {
			isa = XCBuildConfiguration;
			buildSettings = {
				ALWAYS_SEARCH_USER_PATHS = NO;
				ASSETCATALOG_COMPILER_GENERATE_SWIFT_ASSET_SYMBOL_EXTENSIONS = YES;
				CLANG_ANALYZER_NONNULL = YES;
				CLANG_ANALYZER_NUMBER_OBJECT_CONVERSION = YES_AGGRESSIVE;
				CLANG_CXX_LANGUAGE_STANDARD = "gnu++20";
				CLANG_ENABLE_MODULES = YES;
				CLANG_ENABLE_OBJC_ARC = YES;
				CLANG_ENABLE_OBJC_WEAK = YES;
				CLANG_WARN_BLOCK_CAPTURE_AUTORELEASING = YES;
				CLANG_WARN_BOOL_CONVERSION = YES;
				CLANG_WARN_COMMA = YES;
				CLANG_WARN_CONSTANT_CONVERSION = YES;
				CLANG_WARN_DEPRECATED_OBJC_IMPLEMENTATIONS = YES;
				CLANG_WARN_DIRECT_OBJC_ISA_USAGE = YES_ERROR;
				CLANG_WARN_DOCUMENTATION_COMMENTS = YES;
				CLANG_WARN_EMPTY_BODY = YES;
				CLANG_WARN_ENUM_CONVERSION = YES;
				CLANG_WARN_INFINITE_RECURSION = YES;
				CLANG_WARN_INT_CONVERSION = YES;
				CLANG_WARN_NON_LITERAL_NULL_CONVERSION = YES;
				CLANG_WARN_OBJC_IMPLICIT_RETAIN_SELF = YES;
				CLANG_WARN_OBJC_LITERAL_CONVERSION = YES;
				CLANG_WARN_OBJC_ROOT_CLASS = YES_ERROR;
				CLANG_WARN_QUOTED_INCLUDE_IN_FRAMEWORK_HEADER = YES;
				CLANG_WARN_RANGE_LOOP_ANALYSIS = YES;
				CLANG_WARN_STRICT_PROTOTYPES = YES;
				CLANG_WARN_SUSPICIOUS_MOVE = YES;
				CLANG_WARN_UNGUARDED_AVAILABILITY = YES_AGGRESSIVE;
				CLANG_WARN_UNREACHABLE_CODE = YES;
				CLANG_WARN__DUPLICATE_METHOD_MATCH = YES;
				COPY_PHASE_STRIP = NO;
				DEBUG_INFORMATION_FORMAT = "dwarf-with-dsym";
				ENABLE_NS_ASSERTIONS = NO;
				ENABLE_STRICT_OBJC_MSGSEND = YES;
				ENABLE_USER_SCRIPT_SANDBOXING = YES;
				GCC_C_LANGUAGE_STANDARD = gnu17;
				GCC_NO_COMMON_BLOCKS = YES;
				GCC_WARN_64_TO_32_BIT_CONVERSION = YES;
				GCC_WARN_ABOUT_RETURN_TYPE = YES_ERROR;
				GCC_WARN_UNDECLARED_SELECTOR = YES;
				GCC_WARN_UNINITIALIZED_AUTOS = YES_AGGRESSIVE;
				GCC_WARN_UNUSED_FUNCTION = YES;
				GCC_WARN_UNUSED_VARIABLE = YES;
				IPHONEOS_DEPLOYMENT_TARGET = 17.2;
				LOCALIZATION_PREFERS_STRING_CATALOGS = YES;
				MTL_ENABLE_DEBUG_INFO = NO;
				MTL_FAST_MATH = YES;
				SDKROOT = iphoneos;
				SWIFT_COMPILATION_MODE = wholemodule;
				VALIDATE_PRODUCT = YES;
			};
			name = Release;
		};
		B0D183082B78F43700B41D53 /* Debug */ = {
			isa = XCBuildConfiguration;
			buildSettings = {
				ASSETCATALOG_COMPILER_APPICON_NAME = AppIcon;
				ASSETCATALOG_COMPILER_GLOBAL_ACCENT_COLOR_NAME = AccentColor;
				CODE_SIGN_STYLE = Automatic;
				CURRENT_PROJECT_VERSION = 1;
				DEVELOPMENT_TEAM = D35DBJP2M6;
				GENERATE_INFOPLIST_FILE = YES;
				INFOPLIST_FILE = Githubify/Info.plist;
				INFOPLIST_KEY_CFBundleDisplayName = Githubify;
				INFOPLIST_KEY_UIApplicationSupportsIndirectInputEvents = YES;
				INFOPLIST_KEY_UILaunchStoryboardName = LaunchScreen.storyboard;
				INFOPLIST_KEY_UIStatusBarStyle = "";
				INFOPLIST_KEY_UISupportedInterfaceOrientations = UIInterfaceOrientationPortrait;
				IPHONEOS_DEPLOYMENT_TARGET = 13.2;
				LD_RUNPATH_SEARCH_PATHS = (
					"$(inherited)",
					"@executable_path/Frameworks",
				);
				MARKETING_VERSION = 1.0;
				PRODUCT_BUNDLE_IDENTIFIER = com.codedprof.Githubify;
				PRODUCT_NAME = "$(TARGET_NAME)";
				SWIFT_EMIT_LOC_STRINGS = YES;
				SWIFT_VERSION = 5.0;
				TARGETED_DEVICE_FAMILY = "1,2";
			};
			name = Debug;
		};
		B0D183092B78F43700B41D53 /* Release */ = {
			isa = XCBuildConfiguration;
			buildSettings = {
				ASSETCATALOG_COMPILER_APPICON_NAME = AppIcon;
				ASSETCATALOG_COMPILER_GLOBAL_ACCENT_COLOR_NAME = AccentColor;
				CODE_SIGN_STYLE = Automatic;
				CURRENT_PROJECT_VERSION = 1;
				DEVELOPMENT_TEAM = D35DBJP2M6;
				GENERATE_INFOPLIST_FILE = YES;
				INFOPLIST_FILE = Githubify/Info.plist;
				INFOPLIST_KEY_CFBundleDisplayName = Githubify;
				INFOPLIST_KEY_UIApplicationSupportsIndirectInputEvents = YES;
				INFOPLIST_KEY_UILaunchStoryboardName = LaunchScreen.storyboard;
				INFOPLIST_KEY_UIStatusBarStyle = "";
				INFOPLIST_KEY_UISupportedInterfaceOrientations = UIInterfaceOrientationPortrait;
				IPHONEOS_DEPLOYMENT_TARGET = 13.2;
				LD_RUNPATH_SEARCH_PATHS = (
					"$(inherited)",
					"@executable_path/Frameworks",
				);
				MARKETING_VERSION = 1.0;
				PRODUCT_BUNDLE_IDENTIFIER = com.codedprof.Githubify;
				PRODUCT_NAME = "$(TARGET_NAME)";
				SWIFT_EMIT_LOC_STRINGS = YES;
				SWIFT_VERSION = 5.0;
				TARGETED_DEVICE_FAMILY = "1,2";
			};
			name = Release;
		};
/* End XCBuildConfiguration section */

/* Begin XCConfigurationList section */
		B0D182EE2B78F43500B41D53 /* Build configuration list for PBXProject "Githubify" */ = {
			isa = XCConfigurationList;
			buildConfigurations = (
				B0D183052B78F43700B41D53 /* Debug */,
				B0D183062B78F43700B41D53 /* Release */,
			);
			defaultConfigurationIsVisible = 0;
			defaultConfigurationName = Release;
		};
		B0D183072B78F43700B41D53 /* Build configuration list for PBXNativeTarget "Githubify" */ = {
			isa = XCConfigurationList;
			buildConfigurations = (
				B0D183082B78F43700B41D53 /* Debug */,
				B0D183092B78F43700B41D53 /* Release */,
			);
			defaultConfigurationIsVisible = 0;
			defaultConfigurationName = Release;
		};
/* End XCConfigurationList section */
	};
	rootObject = B0D182EB2B78F43500B41D53 /* Project object */;
}
